
Microsoft Visual Studio Solution File, Format Version 12.00
# Visual Studio 15
VisualStudioVersion = 15.0.28010.2003
MinimumVisualStudioVersion = 10.0.40219.1
Project("{888888A0-9F3D-457C-B088-3A5042F75D52}") = "Week1", "Week1.pyproj", "{339E8B5A-06CF-4ABA-8BFA-11A564EFC7B9}"
EndProject
Project("{888888A0-9F3D-457C-B088-3A5042F75D52}") = "Week2", "..\Week2\Week2.pyproj", "{63838E50-F482-457B-BE77-C4B5A2475DFE}"
EndProject
Project("{888888A0-9F3D-457C-B088-3A5042F75D52}") = "Week3", "..\Week3\Week3.pyproj", "{7C01C571-9623-4777-AB1E-2F653AED2AD0}"
EndProject
Global
	GlobalSection(SolutionConfigurationPlatforms) = preSolution
		Debug|Any CPU = Debug|Any CPU
		Release|Any CPU = Release|Any CPU
	EndGlobalSection
	GlobalSection(ProjectConfigurationPlatforms) = postSolution
		{339E8B5A-06CF-4ABA-8BFA-11A564EFC7B9}.Debug|Any CPU.ActiveCfg = Debug|Any CPU
		{339E8B5A-06CF-4ABA-8BFA-11A564EFC7B9}.Release|Any CPU.ActiveCfg = Release|Any CPU
		{63838E50-F482-457B-BE77-C4B5A2475DFE}.Debug|Any CPU.ActiveCfg = Debug|Any CPU
		{63838E50-F482-457B-BE77-C4B5A2475DFE}.Release|Any CPU.ActiveCfg = Release|Any CPU
		{7C01C571-9623-4777-AB1E-2F653AED2AD0}.Debug|Any CPU.ActiveCfg = Debug|Any CPU
		{7C01C571-9623-4777-AB1E-2F653AED2AD0}.Release|Any CPU.ActiveCfg = Release|Any CPU
	EndGlobalSection
	GlobalSection(SolutionProperties) = preSolution
		HideSolutionNode = FALSE
	EndGlobalSection
	GlobalSection(ExtensibilityGlobals) = postSolution
		SolutionGuid = {1318AFDC-961F-4961-8FC8-15A2855CEDA5}
	EndGlobalSection
EndGlobal
