
Microsoft Visual Studio Solution File, Format Version 12.00
# Visual Studio 15
VisualStudioVersion = 15.0.28010.2003
MinimumVisualStudioVersion = 10.0.40219.1
Project("{888888A0-9F3D-457C-B088-3A5042F75D52}") = "Week4", "Week4.pyproj", "{CCBA57AD-E46E-430D-B862-1029CC98860A}"
EndProject
Global
	GlobalSection(SolutionConfigurationPlatforms) = preSolution
		Debug|Any CPU = Debug|Any CPU
		Release|Any CPU = Release|Any CPU
	EndGlobalSection
	GlobalSection(ProjectConfigurationPlatforms) = postSolution
		{CCBA57AD-E46E-430D-B862-1029CC98860A}.Debug|Any CPU.ActiveCfg = Debug|Any CPU
		{CCBA57AD-E46E-430D-B862-1029CC98860A}.Release|Any CPU.ActiveCfg = Release|Any CPU
	EndGlobalSection
	GlobalSection(SolutionProperties) = preSolution
		HideSolutionNode = FALSE
	EndGlobalSection
	GlobalSection(ExtensibilityGlobals) = postSolution
		SolutionGuid = {14B0DDF2-FA7D-4C18-B0C2-5A306A7CDCFF}
	EndGlobalSection
EndGlobal
